
Microsoft Visual Studio Solution File, Format Version 12.00
# Visual Studio Version 16
VisualStudioVersion = 16.0.30717.126
MinimumVisualStudioVersion = 10.0.40219.1
Project("{FAE04EC0-301F-11D3-BF4B-00C04F79EFBC}") = "WPF YouTube tutorial", "WPF YouTube tutorial\WPF YouTube tutorial.csproj", "{92F65157-38B9-4F60-AFC1-E26D4274C14A}"
EndProject
Global
	GlobalSection(SolutionConfigurationPlatforms) = preSolution
		Debug|Any CPU = Debug|Any CPU
		Release|Any CPU = Release|Any CPU
	EndGlobalSection
	GlobalSection(ProjectConfigurationPlatforms) = postSolution
		{92F65157-38B9-4F60-AFC1-E26D4274C14A}.Debug|Any CPU.ActiveCfg = Debug|Any CPU
		{92F65157-38B9-4F60-AFC1-E26D4274C14A}.Debug|Any CPU.Build.0 = Debug|Any CPU
		{92F65157-38B9-4F60-AFC1-E26D4274C14A}.Release|Any CPU.ActiveCfg = Release|Any CPU
		{92F65157-38B9-4F60-AFC1-E26D4274C14A}.Release|Any CPU.Build.0 = Release|Any CPU
	EndGlobalSection
	GlobalSection(SolutionProperties) = preSolution
		HideSolutionNode = FALSE
	EndGlobalSection
	GlobalSection(ExtensibilityGlobals) = postSolution
		SolutionGuid = {85552FBB-6FF2-417A-8773-46E28087B820}
	EndGlobalSection
EndGlobal
